{
    "_meta": {
        "hash": {
            "sha256": "86af3d16c70240ffb0e12f20bbbb50af4ad4e3e87b7b3af4e2869434d37d2a3d"
        },
        "pipfile-spec": 6,
        "requires": {
            "python_version": "3.10"
        },
        "sources": [
            {
                "name": "pypi",
                "url": "https://pypi.org/simple",
                "verify_ssl": true
            }
        ]
    },
    "default": {
        "docopt": {
            "hashes": [
                "sha256:49b3a825280bd66b3aa83585ef59c4a8c82f2c8a522dbe754a8bc8d08c85c491"
            ],
            "index": "pypi",
            "version": "==0.6.2"
        },
        "e1839a8": {
            "editable": true,
            "path": "."
        },
        "sneak-game": {
            "editable": true,
            "path": "."
        }
    },
    "develop": {}
}
